
Microsoft Visual Studio Solution File, Format Version 12.00
# Visual Studio 15
VisualStudioVersion = 15.0.28307.572
MinimumVisualStudioVersion = 10.0.40219.1
Project("{FAE04EC0-301F-11D3-BF4B-00C04F79EFBC}") = "Books.Local", "Books.Local\Books.Local.csproj", "{9C44503F-C685-45D9-86CF-705C2D31680C}"
EndProject
Global
	GlobalSection(SolutionConfigurationPlatforms) = preSolution
		Debug|Any CPU = Debug|Any CPU
		Release|Any CPU = Release|Any CPU
	EndGlobalSection
	GlobalSection(ProjectConfigurationPlatforms) = postSolution
		{9C44503F-C685-45D9-86CF-705C2D31680C}.Debug|Any CPU.ActiveCfg = Debug|Any CPU
		{9C44503F-C685-45D9-86CF-705C2D31680C}.Debug|Any CPU.Build.0 = Debug|Any CPU
		{9C44503F-C685-45D9-86CF-705C2D31680C}.Release|Any CPU.ActiveCfg = Release|Any CPU
		{9C44503F-C685-45D9-86CF-705C2D31680C}.Release|Any CPU.Build.0 = Release|Any CPU
	EndGlobalSection
	GlobalSection(SolutionProperties) = preSolution
		HideSolutionNode = FALSE
	EndGlobalSection
	GlobalSection(ExtensibilityGlobals) = postSolution
		SolutionGuid = {774C4309-5446-499B-92D6-9A1D9E07A24C}
	EndGlobalSection
EndGlobal
