
Microsoft Visual Studio Solution File, Format Version 12.00
# Visual Studio 15
VisualStudioVersion = 15.0.28307.572
MinimumVisualStudioVersion = 10.0.40219.1
Project("{2150E333-8FDC-42A3-9474-1A3956D46DE8}") = "_Config", "_Config", "{7D45F181-E360-4019-99BC-3C589FC30339}"
EndProject
Project("{2150E333-8FDC-42A3-9474-1A3956D46DE8}") = "Feature", "Feature", "{9805BFF6-6C6D-41AA-ACA7-145DBD0D5C64}"
EndProject
Project("{2150E333-8FDC-42A3-9474-1A3956D46DE8}") = "Foundation", "Foundation", "{3D0B37A3-65F3-4A5B-87E0-862BE6632D65}"
EndProject
Project("{2150E333-8FDC-42A3-9474-1A3956D46DE8}") = "Project", "Project", "{24296726-CB6C-4DE6-B4C2-6AC272E0BE3C}"
EndProject
Project("{2150E333-8FDC-42A3-9474-1A3956D46DE8}") = "Web", "Web", "{18BAE665-0703-454D-A74C-D11FE7FAE510}"
EndProject
Project("{FAE04EC0-301F-11D3-BF4B-00C04F79EFBC}") = "Books.Project.Web", "src\Project\Web\code\Books.Project.Web.csproj", "{3DC0DC44-E189-4053-9F9E-6725A7F549F1}"
EndProject
Project("{CAA73BB0-EF22-4D79-A57E-DF67B3BA9C80}") = "Books.Local.TDS.Master", "src\TDS\Books.Local.TDS.Master\Books.Local.TDS.Master.scproj", "{22AE365C-F0A8-4C3B-8C6B-48434935A856}"
EndProject
Project("{2150E333-8FDC-42A3-9474-1A3956D46DE8}") = "Assets", "Assets", "{DF8A663C-E759-4A82-9D5D-C95C5D7C4F21}"
EndProject
Project("{2150E333-8FDC-42A3-9474-1A3956D46DE8}") = "ORM", "ORM", "{9CCFB549-9AB9-4C42-9AF6-217B1FE4BC85}"
EndProject
Project("{FAE04EC0-301F-11D3-BF4B-00C04F79EFBC}") = "Books.Foundation.Orm", "src\Foundation\ORM\code\Books.Foundation.Orm.csproj", "{DC69F037-D421-4792-8E5A-2FDBEAAC8A50}"
EndProject
Project("{2150E333-8FDC-42A3-9474-1A3956D46DE8}") = "Serialization", "Serialization", "{B3F6AE6C-0FC9-4259-8478-5599A89D1EF6}"
EndProject
Project("{2150E333-8FDC-42A3-9474-1A3956D46DE8}") = "Carousel", "Carousel", "{AC775AAA-A4C4-4B65-BDC3-D69BEB0AA9BE}"
EndProject
Project("{FAE04EC0-301F-11D3-BF4B-00C04F79EFBC}") = "Books.Feature.Carousel", "src\Feature\Carousel\code\Books.Feature.Carousel.csproj", "{E4E9BE01-4437-4C4E-8AB6-597A1E43E6D1}"
EndProject
Project("{2150E333-8FDC-42A3-9474-1A3956D46DE8}") = "DI", "DI", "{25AFAE38-5CDE-4017-BC5E-9A1041D06A50}"
EndProject
Project("{FAE04EC0-301F-11D3-BF4B-00C04F79EFBC}") = "Books.Foundation.DI", "src\Foundation\DI\code\Books.Foundation.DI.csproj", "{F9C7BC6F-7D1D-450B-AD59-CCE05970683B}"
EndProject
Project("{FAE04EC0-301F-11D3-BF4B-00C04F79EFBC}") = "Books.Foundation.Assets", "src\Foundation\Assets\code\Books.Foundation.Assets.csproj", "{A97706C7-BAD2-4460-A0C1-05953F621C6D}"
EndProject
Project("{2150E333-8FDC-42A3-9474-1A3956D46DE8}") = "Navigation", "Navigation", "{EA5E3564-0D29-485F-8EAF-DD558A18B564}"
EndProject
Project("{FAE04EC0-301F-11D3-BF4B-00C04F79EFBC}") = "Books.Feature.Navigation", "src\Feature\Navigation\code\Books.Feature.Navigation.csproj", "{E25FE1E1-459E-4836-B07E-A2E4CFA8ED2F}"
EndProject
Project("{2150E333-8FDC-42A3-9474-1A3956D46DE8}") = "Footer", "Footer", "{B000DD6A-D100-4A4D-9266-29FD7C84E652}"
EndProject
Project("{FAE04EC0-301F-11D3-BF4B-00C04F79EFBC}") = "Books.Feature.Footer", "src\Feature\Footer\code\Books.Feature.Footer.csproj", "{A9D8AC51-D2DD-432E-A0A3-34EA15091024}"
EndProject
Project("{2150E333-8FDC-42A3-9474-1A3956D46DE8}") = "BookCard", "BookCard", "{C4F9DFAC-5826-48D7-8DCD-6425E6234B68}"
EndProject
Project("{FAE04EC0-301F-11D3-BF4B-00C04F79EFBC}") = "Books.Feature.BookCard", "src\Feature\BookCard\code\Books.Feature.BookCard.csproj", "{417E4780-8BA3-4325-A6FA-470876FB9611}"
EndProject
Project("{2150E333-8FDC-42A3-9474-1A3956D46DE8}") = "CustomErrors", "CustomErrors", "{7A18B43A-7A55-48CA-9904-27E071C8AD1C}"
EndProject
Project("{FAE04EC0-301F-11D3-BF4B-00C04F79EFBC}") = "Books.Foundation.CustomErrors", "src\Foundation\CustomErrors\code\Books.Foundation.CustomErrors.csproj", "{7F8D75AB-5DF3-4CD2-9AE3-CC67622B0B62}"
EndProject
Project("{2150E333-8FDC-42A3-9474-1A3956D46DE8}") = "Error", "Error", "{732546F0-7B22-40E2-A42B-F43BD97EAA20}"
EndProject
Project("{FAE04EC0-301F-11D3-BF4B-00C04F79EFBC}") = "Books.Feature.Error", "src\Feature\Error\code\Books.Feature.Error.csproj", "{2F66C4B8-4AA2-4110-A275-4D4A74EC1121}"
EndProject
Project("{2150E333-8FDC-42A3-9474-1A3956D46DE8}") = "CustomLinks", "CustomLinks", "{8B7FF0D2-F2C7-41F6-821B-045236FD4176}"
EndProject
Project("{FAE04EC0-301F-11D3-BF4B-00C04F79EFBC}") = "Books.Foundation.CustomLinks", "src\Foundation\CustomLinks\code\Books.Foundation.CustomLinks.csproj", "{8C2FE902-C7AA-4059-9364-B453F2DF8CFB}"
EndProject
Global
	GlobalSection(SolutionConfigurationPlatforms) = preSolution
		Debug|Any CPU = Debug|Any CPU
		Release|Any CPU = Release|Any CPU
	EndGlobalSection
	GlobalSection(ProjectConfigurationPlatforms) = postSolution
		{3DC0DC44-E189-4053-9F9E-6725A7F549F1}.Debug|Any CPU.ActiveCfg = Debug|Any CPU
		{3DC0DC44-E189-4053-9F9E-6725A7F549F1}.Debug|Any CPU.Build.0 = Debug|Any CPU
		{3DC0DC44-E189-4053-9F9E-6725A7F549F1}.Release|Any CPU.ActiveCfg = Release|Any CPU
		{3DC0DC44-E189-4053-9F9E-6725A7F549F1}.Release|Any CPU.Build.0 = Release|Any CPU
		{22AE365C-F0A8-4C3B-8C6B-48434935A856}.Debug|Any CPU.ActiveCfg = Debug|Any CPU
		{22AE365C-F0A8-4C3B-8C6B-48434935A856}.Debug|Any CPU.Build.0 = Debug|Any CPU
		{22AE365C-F0A8-4C3B-8C6B-48434935A856}.Debug|Any CPU.Deploy.0 = Debug|Any CPU
		{22AE365C-F0A8-4C3B-8C6B-48434935A856}.Release|Any CPU.ActiveCfg = Release|Any CPU
		{22AE365C-F0A8-4C3B-8C6B-48434935A856}.Release|Any CPU.Build.0 = Release|Any CPU
		{22AE365C-F0A8-4C3B-8C6B-48434935A856}.Release|Any CPU.Deploy.0 = Release|Any CPU
		{DC69F037-D421-4792-8E5A-2FDBEAAC8A50}.Debug|Any CPU.ActiveCfg = Debug|Any CPU
		{DC69F037-D421-4792-8E5A-2FDBEAAC8A50}.Debug|Any CPU.Build.0 = Debug|Any CPU
		{DC69F037-D421-4792-8E5A-2FDBEAAC8A50}.Release|Any CPU.ActiveCfg = Release|Any CPU
		{DC69F037-D421-4792-8E5A-2FDBEAAC8A50}.Release|Any CPU.Build.0 = Release|Any CPU
		{E4E9BE01-4437-4C4E-8AB6-597A1E43E6D1}.Debug|Any CPU.ActiveCfg = Debug|Any CPU
		{E4E9BE01-4437-4C4E-8AB6-597A1E43E6D1}.Debug|Any CPU.Build.0 = Debug|Any CPU
		{E4E9BE01-4437-4C4E-8AB6-597A1E43E6D1}.Release|Any CPU.ActiveCfg = Release|Any CPU
		{E4E9BE01-4437-4C4E-8AB6-597A1E43E6D1}.Release|Any CPU.Build.0 = Release|Any CPU
		{F9C7BC6F-7D1D-450B-AD59-CCE05970683B}.Debug|Any CPU.ActiveCfg = Debug|Any CPU
		{F9C7BC6F-7D1D-450B-AD59-CCE05970683B}.Debug|Any CPU.Build.0 = Debug|Any CPU
		{F9C7BC6F-7D1D-450B-AD59-CCE05970683B}.Release|Any CPU.ActiveCfg = Release|Any CPU
		{F9C7BC6F-7D1D-450B-AD59-CCE05970683B}.Release|Any CPU.Build.0 = Release|Any CPU
		{A97706C7-BAD2-4460-A0C1-05953F621C6D}.Debug|Any CPU.ActiveCfg = Debug|Any CPU
		{A97706C7-BAD2-4460-A0C1-05953F621C6D}.Debug|Any CPU.Build.0 = Debug|Any CPU
		{A97706C7-BAD2-4460-A0C1-05953F621C6D}.Release|Any CPU.ActiveCfg = Release|Any CPU
		{A97706C7-BAD2-4460-A0C1-05953F621C6D}.Release|Any CPU.Build.0 = Release|Any CPU
		{E25FE1E1-459E-4836-B07E-A2E4CFA8ED2F}.Debug|Any CPU.ActiveCfg = Debug|Any CPU
		{E25FE1E1-459E-4836-B07E-A2E4CFA8ED2F}.Debug|Any CPU.Build.0 = Debug|Any CPU
		{E25FE1E1-459E-4836-B07E-A2E4CFA8ED2F}.Release|Any CPU.ActiveCfg = Release|Any CPU
		{E25FE1E1-459E-4836-B07E-A2E4CFA8ED2F}.Release|Any CPU.Build.0 = Release|Any CPU
		{A9D8AC51-D2DD-432E-A0A3-34EA15091024}.Debug|Any CPU.ActiveCfg = Debug|Any CPU
		{A9D8AC51-D2DD-432E-A0A3-34EA15091024}.Debug|Any CPU.Build.0 = Debug|Any CPU
		{A9D8AC51-D2DD-432E-A0A3-34EA15091024}.Release|Any CPU.ActiveCfg = Release|Any CPU
		{A9D8AC51-D2DD-432E-A0A3-34EA15091024}.Release|Any CPU.Build.0 = Release|Any CPU
		{417E4780-8BA3-4325-A6FA-470876FB9611}.Debug|Any CPU.ActiveCfg = Debug|Any CPU
		{417E4780-8BA3-4325-A6FA-470876FB9611}.Debug|Any CPU.Build.0 = Debug|Any CPU
		{417E4780-8BA3-4325-A6FA-470876FB9611}.Release|Any CPU.ActiveCfg = Release|Any CPU
		{417E4780-8BA3-4325-A6FA-470876FB9611}.Release|Any CPU.Build.0 = Release|Any CPU
		{7F8D75AB-5DF3-4CD2-9AE3-CC67622B0B62}.Debug|Any CPU.ActiveCfg = Debug|Any CPU
		{7F8D75AB-5DF3-4CD2-9AE3-CC67622B0B62}.Debug|Any CPU.Build.0 = Debug|Any CPU
		{7F8D75AB-5DF3-4CD2-9AE3-CC67622B0B62}.Release|Any CPU.ActiveCfg = Release|Any CPU
		{7F8D75AB-5DF3-4CD2-9AE3-CC67622B0B62}.Release|Any CPU.Build.0 = Release|Any CPU
		{2F66C4B8-4AA2-4110-A275-4D4A74EC1121}.Debug|Any CPU.ActiveCfg = Debug|Any CPU
		{2F66C4B8-4AA2-4110-A275-4D4A74EC1121}.Debug|Any CPU.Build.0 = Debug|Any CPU
		{2F66C4B8-4AA2-4110-A275-4D4A74EC1121}.Release|Any CPU.ActiveCfg = Release|Any CPU
		{2F66C4B8-4AA2-4110-A275-4D4A74EC1121}.Release|Any CPU.Build.0 = Release|Any CPU
		{8C2FE902-C7AA-4059-9364-B453F2DF8CFB}.Debug|Any CPU.ActiveCfg = Debug|Any CPU
		{8C2FE902-C7AA-4059-9364-B453F2DF8CFB}.Debug|Any CPU.Build.0 = Debug|Any CPU
		{8C2FE902-C7AA-4059-9364-B453F2DF8CFB}.Release|Any CPU.ActiveCfg = Release|Any CPU
		{8C2FE902-C7AA-4059-9364-B453F2DF8CFB}.Release|Any CPU.Build.0 = Release|Any CPU
	EndGlobalSection
	GlobalSection(SolutionProperties) = preSolution
		HideSolutionNode = FALSE
	EndGlobalSection
	GlobalSection(NestedProjects) = preSolution
		{18BAE665-0703-454D-A74C-D11FE7FAE510} = {24296726-CB6C-4DE6-B4C2-6AC272E0BE3C}
		{3DC0DC44-E189-4053-9F9E-6725A7F549F1} = {18BAE665-0703-454D-A74C-D11FE7FAE510}
		{22AE365C-F0A8-4C3B-8C6B-48434935A856} = {B3F6AE6C-0FC9-4259-8478-5599A89D1EF6}
		{DF8A663C-E759-4A82-9D5D-C95C5D7C4F21} = {3D0B37A3-65F3-4A5B-87E0-862BE6632D65}
		{9CCFB549-9AB9-4C42-9AF6-217B1FE4BC85} = {3D0B37A3-65F3-4A5B-87E0-862BE6632D65}
		{DC69F037-D421-4792-8E5A-2FDBEAAC8A50} = {9CCFB549-9AB9-4C42-9AF6-217B1FE4BC85}
		{B3F6AE6C-0FC9-4259-8478-5599A89D1EF6} = {9CCFB549-9AB9-4C42-9AF6-217B1FE4BC85}
		{AC775AAA-A4C4-4B65-BDC3-D69BEB0AA9BE} = {9805BFF6-6C6D-41AA-ACA7-145DBD0D5C64}
		{E4E9BE01-4437-4C4E-8AB6-597A1E43E6D1} = {AC775AAA-A4C4-4B65-BDC3-D69BEB0AA9BE}
		{25AFAE38-5CDE-4017-BC5E-9A1041D06A50} = {3D0B37A3-65F3-4A5B-87E0-862BE6632D65}
		{F9C7BC6F-7D1D-450B-AD59-CCE05970683B} = {25AFAE38-5CDE-4017-BC5E-9A1041D06A50}
		{A97706C7-BAD2-4460-A0C1-05953F621C6D} = {DF8A663C-E759-4A82-9D5D-C95C5D7C4F21}
		{EA5E3564-0D29-485F-8EAF-DD558A18B564} = {9805BFF6-6C6D-41AA-ACA7-145DBD0D5C64}
		{E25FE1E1-459E-4836-B07E-A2E4CFA8ED2F} = {EA5E3564-0D29-485F-8EAF-DD558A18B564}
		{B000DD6A-D100-4A4D-9266-29FD7C84E652} = {9805BFF6-6C6D-41AA-ACA7-145DBD0D5C64}
		{A9D8AC51-D2DD-432E-A0A3-34EA15091024} = {B000DD6A-D100-4A4D-9266-29FD7C84E652}
		{C4F9DFAC-5826-48D7-8DCD-6425E6234B68} = {9805BFF6-6C6D-41AA-ACA7-145DBD0D5C64}
		{417E4780-8BA3-4325-A6FA-470876FB9611} = {C4F9DFAC-5826-48D7-8DCD-6425E6234B68}
		{7A18B43A-7A55-48CA-9904-27E071C8AD1C} = {3D0B37A3-65F3-4A5B-87E0-862BE6632D65}
		{7F8D75AB-5DF3-4CD2-9AE3-CC67622B0B62} = {7A18B43A-7A55-48CA-9904-27E071C8AD1C}
		{732546F0-7B22-40E2-A42B-F43BD97EAA20} = {9805BFF6-6C6D-41AA-ACA7-145DBD0D5C64}
		{2F66C4B8-4AA2-4110-A275-4D4A74EC1121} = {732546F0-7B22-40E2-A42B-F43BD97EAA20}
		{8B7FF0D2-F2C7-41F6-821B-045236FD4176} = {3D0B37A3-65F3-4A5B-87E0-862BE6632D65}
		{8C2FE902-C7AA-4059-9364-B453F2DF8CFB} = {8B7FF0D2-F2C7-41F6-821B-045236FD4176}
	EndGlobalSection
	GlobalSection(ExtensibilityGlobals) = postSolution
		SolutionGuid = {774C4309-5446-499B-92D6-9A1D9E07A24C}
	EndGlobalSection
EndGlobal
